%% THIS FILE IS GENERATED. DO NOT EDIT IT MANUALLY %%

{cover_enabled,true}.
{erl_opts,[debug_info,warnings_as_errors]}.
{sub_dirs,["rel","apps/pushy"]}.
{deps,[{meck,".*",
             {git,"https://github.com/eproxus/meck",
                  "fd1c79361d4a5fa16774c8b378dd89104d3dfaa5"}},
       {edown,".*",
              {git,"git://github.com/esl/edown.git",
                   "4d18dc4bec89c20c0ba8cab6884ce690ca606f4a"}},
       {goldrush,".*",
                 {git,"git://github.com/DeadZen/goldrush.git",
                      "71e63212f12c25827e0c1b4198d37d5d018a7fec"}},
       {lager,".*",
              {git,"https://github.com/basho/lager.git",
                   "b7984d4628d0a7780166f3f26207882fddb31251"}},
       {erlzmq,".*",
               {git,"git://github.com/jamesc/erlzmq2.git",
                    "af8d9ef57250bcbc2dd86c5019c0a3c6ef311ef8"}},
       {gen_leader,".*",
                   {git,"git://github.com/abecciu/gen_leader_revival.git",
                        "a119cb9a39f94254247962bce4616b6f607cca80"}},
       {gproc,".*",
              {git,"https://github.com/esl/gproc.git",
                   "781e0d093e50bd4783ace80ffc0d2eea4555a2b5"}},
       {proper,".*",
               {git,"https://github.com/manopapad/proper.git",
                    "caacd26660f030b954b5521df9a75f59cd01869c"}},
       {jiffy,".*",
              {git,"https://github.com/davisp/jiffy.git",
                   "6f589d457673a3bbdf4329103fbe2b10b302ec87"}},
       {epgsql,".*",
               {git,"git://github.com/epgsql/epgsql.git",
                    "2da4c1398e3c1040b88143ab10cba9e869c2739d"}},
       {pooler,".*",
               {git,"git://github.com/seth/pooler.git",
                    "7bb8ab83c6f60475e6ef8867d3d5afa0b1dd4013"}},
       {envy,".*",
             {git,"git://github.com/manderson26/envy.git",
                  "d62cb227b9000ee866c8bcc724ddf68d87621dea"}},
       {sqerl,".*",
              {git,"https://github.com/chef/sqerl.git",
                   "611e884660f192e20b6047fb9094e9b7d6a7682c"}},
       {chef_authn,".*",
                   {git,"git@github.com:opscode/chef_authn.git",
                        "e7850d0925b01761d8085ee8b44dafbbe1b297a4"}},
       {erlsha2,".*",
                {git,"https://github.com/vinoski/erlsha2",
                     "1c11f1af0c1560d9b3f9e567e4a621634c3a902e"}},
       {ej,".*",
           {git,"git@github.com:seth/ej.git",
                "c683084665e1220616e611639fb13797b91281c6"}},
       {ibrowse,".*",
                {git,"git://github.com/opscode/ibrowse.git",
                     "8f3f6a3a30730b193cc340a8885a960586dc98de"}},
       {bear,".*",
             {git,"git://github.com/opscode/bear.git",
                  "1cd85dc9f87f3dc4ec4c7077659ddaa8a3660cac"}},
       {folsom,".*",
               {git,"https://github.com/chef/folsom.git",
                    "de939f5a937e3ace126090a2f6cd837bd2f5bc26"}},
       {pushy_common,".*",
                     {git,"https://github.com/chef/pushy_common.git",
                          "60a45122c8ae5b74d5916eaa958b2d703ef75204"}},
       {mochiweb,".*",
                 {git,"git://github.com/basho/mochiweb",
                      "05b5b7eb7b830afbd9ba349a40bf40ba0462aa11"}},
       {webmachine,".*",
                   {git,"https://github.com/opscode/webmachine",
                        "7cd6ddf592a2e050544891d151944dd3017dc517"}},
       {folsom_graphite,".*",
                        {git,"https://github.com/chef/folsom_graphite.git",
                             "0bf3d47e52178d8cf24ad9acdf5f37f4fb46a6b1"}},
       {rebar_lock_deps_plugin,".*",
                               {git,"https://github.com/seth/rebar_lock_deps_plugin.git",
                                    "2a8d2e803f8a110cac2f13e6f013b4d8e4b06c60"}},
       {eper,".*",
             {git,"https://github.com/massemanet/eper.git",
                  "5d4c3e9c91bd96b67a92cbdac4601c43340e1d88"}}]}.
{plugins,[rebar_lock_deps_plugin]}.

