%% THIS FILE IS GENERATED. DO NOT EDIT IT MANUALLY %%

{cover_enabled,true}.
{erl_opts,[debug_info,warnings_as_errors]}.
{sub_dirs,["rel","apps/pushy"]}.
{deps,[{meck,".*",{git,"git://github.com/eproxus/meck.git",{branch,"master"}}},
       {edown,".*",
              {git,"git://github.com/seth/edown.git",
                   "30a9f7867d615af45783235faa52742d11a9348e"}},
       {goldrush,".*",
                 {git,"git://github.com/DeadZen/goldrush.git",
                      "1d883423ac360b3536ca52dc733a0164bacf3109"}},
       {lager,".*",
              {git,"https://github.com/basho/lager.git",
                   "d65b91a6bc7f49879a8b38d67f8fd7a2bf30b698"}},
       {erlzmq,".*",
               {git,"git://github.com/jamesc/erlzmq2.git",
                    "af8d9ef57250bcbc2dd86c5019c0a3c6ef311ef8"}},
       {gen_leader,".*",
                   {git,"git://github.com/abecciu/gen_leader_revival.git",
                        "a119cb9a39f94254247962bce4616b6f607cca80"}},
       {gproc,".*",
              {git,"git://github.com/esl/gproc.git",
                   "781e0d093e50bd4783ace80ffc0d2eea4555a2b5"}},
       {proper,".*",
               {git,"https://github.com/manopapad/proper.git",
                    "c37cab86f5e9dd5c5e751248cf1566a5d4f9535c"}},
       {jiffy,".*",
              {git,"git://github.com/davisp/jiffy.git",
                   "6f589d457673a3bbdf4329103fbe2b10b302ec87"}},
       {epgsql,".*",
               {git,"git://github.com/opscode/epgsql.git",
                    "6ceff57e8b32b6554728a082db52584f1f65bd7e"}},
       {pooler,".*",
               {git,"git://github.com/seth/pooler.git",
                    "37da392e5de1d8b9bfa277e2e13238b6610a1cd7"}},
       {envy,".*",
             {git,"git@github.com:manderson26/envy.git",
                  "d62cb227b9000ee866c8bcc724ddf68d87621dea"}},
       {sqerl,".*",
              {git,"git@github.com:opscode/sqerl.git",
                   "3bd4944c3a391a517e03dceaff4f17f5f5f5f5a2"}},
       {chef_authn,".*",
                   {git,"git@github.com:opscode/chef_authn.git",
                        "c778cdb53cdec2332b528dfdd0b1cf53895467e6"}},
       {erlsha2,".*",
                {git,"https://github.com/vinoski/erlsha2",
                     "c8cc57b1e2a5e92208a51c03aa1bae7eeb9b9338"}},
       {ej,".*",
           {git,"git@github.com:seth/ej.git",
                "0332523799fdbab4b7c8e87074dcf57bb15005a6"}},
       {ibrowse,".*",
                {git,"git://github.com/opscode/ibrowse.git",
                     "8f3f6a3a30730b193cc340a8885a960586dc98de"}},
       {bear,".*",
             {git,"git://github.com/opscode/bear.git",
                  "1cd85dc9f87f3dc4ec4c7077659ddaa8a3660cac"}},
       {folsom,".*",
               {git,"git@github.com:opscode/folsom.git",
                    "de939f5a937e3ace126090a2f6cd837bd2f5bc26"}},
       {pushy_common,".*",
                     {git,"git@github.com:opscode/pushy_common.git",
                          "080e327b1b07985bed0c71a0b213361776fda2c8"}},
       {mochiweb,".*",
                 {git,"git://github.com/basho/mochiweb",
                      "05b5b7eb7b830afbd9ba349a40bf40ba0462aa11"}},
       {webmachine,".*",
                   {git,"git://github.com/basho/webmachine",
                        "4c441d0f0ca9e343601eb39c8dd2e2117b781dfc"}},
       {folsom_graphite,".*",
                        {git,"git@github.com:opscode/folsom_graphite.git",
                             "3bd850835571ac41d87da036b00d279609260f60"}},
       {rebar_lock_deps_plugin,".*",
                               {git,"git://github.com/seth/rebar_lock_deps_plugin.git",
                                    "c190c077deb3dce235ea5f282c99b0dec6f3c4e2"}},
       {eper,".*",
             {git,"git://github.com/massemanet/eper.git",
                  "69364c7dc8387c937bf76d260cfa9bd1163c9b6a"}}]}.
{plugins,[rebar_lock_deps_plugin]}.

