%% THIS FILE IS GENERATED. DO NOT EDIT IT MANUALLY %%

{cover_enabled,true}.
{erl_opts,[debug_info,warnings_as_errors]}.
{sub_dirs,["rel","apps/pushy"]}.
{deps,[{edown,".*",
              {git,"git://github.com/uwiger/edown.git",
                   "754be25f71a04099c83f3ffdff268e70beeb0021"}},
       {goldrush,".*",
                 {git,"git://github.com/DeadZen/goldrush.git",
                      "212299233c7e7eb63a97be2777e1c05ebaa58dbe"}},
       {lager,".*",
              {git,"https://github.com/basho/lager",
                   "8187757388c9adc915379caaab36a2f2ca26e944"}},
       {meck,".*",
             {git,"https://github.com/eproxus/meck",
                  "c772db17a7c94e75d20688197f61538d63fe2ae9"}},
       {erlzmq,".*",
               {git,"https://github.com/chef/erlzmq2",
                    "09bceaa2b1b2850646c36ae8568d85fc9940b9fb"}},
       {jiffy,".*",
              {git,"https://github.com/davisp/jiffy",
                   "1febce3ca86c5ca5d5a3618ed3d5f125bb99e4c5"}},
       {envy,".*",
             {git,"https://github.com/manderson26/envy",
                  "0148fb4b7ed0e188511578e98b42d6e7dde0ebd1"}},
       {chef_authn,".*",
                   {git,"https://github.com/chef/chef_authn",
                        "defae88f9ea9f9875b1148947bbdf38c867c8ec7"}},
       {erlsha2,".*",
                {git,"https://github.com/vinoski/erlsha2",
                     "e3434b33cfeea02609bbf877954d856d895b9e1d"}},
       {ej,".*",
           {git,"https://github.com/seth/ej",
                "132a9a3c0662a2377eaf7ebee694a496a0957160"}},
       {ibrowse,".*",
                {git,"https://github.com/chef/ibrowse",
                     "8f3f6a3a30730b193cc340a8885a960586dc98de"}},
       {bear,".*",
             {git,"git://github.com/opscode/bear.git",
                  "1cd85dc9f87f3dc4ec4c7077659ddaa8a3660cac"}},
       {folsom,".*",
               {git,"https://github.com/chef/folsom",
                    "de939f5a937e3ace126090a2f6cd837bd2f5bc26"}},
       {pushy_common,".*",
                     {git,"https://github.com/chef/pushy_common",
                          "ba2f9aec18f6144fd0ac3c513af16ce94bcf23e1"}},
       {gproc,".*",
              {git,"https://github.com/esl/gproc",
                   "1f12fbf6fd75cb4fa6e7b38f331fe3e1fdd2adf0"}},
       {epgsql,".*",
               {git,"git://github.com/chef/epgsql-1.git",
                    "89d4ff4b1c1edf8995432d1633fb5458eb156a46"}},
       {pooler,".*",
               {git,"git://github.com/seth/pooler.git",
                    "b6c522a67a1d067122705ef725535a8664dd8514"}},
       {sqerl,".*",
              {git,"https://github.com/chef/sqerl",
                   "7e40908af7010b70212320e3d410dff31edfc7f9"}},
       {mochiweb,".*",
                 {git,"git://github.com/basho/mochiweb.git",
                      "ade2a9b29a11034eb550c1d79b4f991bf5ca05ba"}},
       {webmachine,".*",
                   {git,"https://github.com/basho/webmachine",
                        "7677c240f4a7ed020f4bab48278224966bb42311"}},
       {folsom_graphite,".*",
                        {git,"https://github.com/chef/folsom_graphite",
                             "663afd02c9f8ff31dd95d3e3150df71bd28bae93"}},
       {rebar_lock_deps_plugin,".*",
                               {git,"https://github.com/seth/rebar_lock_deps_plugin",
                                    "8816f45ff38cd04d5c7741bd39166af58116dd44"}},
       {eper,".*",
             {git,"https://github.com/massemanet/eper",
                  "79491844649ce33b6ee2285347b1a4ba605b1caf"}}]}.
{plugins,[rebar_lock_deps_plugin]}.

