{"1.1.0",
[{<<"bear">>,
  {git,"git://github.com/opscode/bear.git",
       {ref,"1cd85dc9f87f3dc4ec4c7077659ddaa8a3660cac"}},
  1},
 {<<"chef_authn">>,
  {git,"https://github.com/chef/chef_authn",
       {ref,"fc98851cf2ac103101379f677f54dd0b1f9edb8d"}},
  0},
 {<<"chef_secrets">>,
  {git,"https://github.com/chef/chef_secrets",
       {ref,"9098dd3c3ea22c11cadd7ae0a86e69ee5a105bda"}},
  0},
 {<<"ej">>,
  {git,"https://github.com/seth/ej",
       {ref,"40821f7ab3d8746e8573e8542ad452d2b346ed7f"}},
  0},
 {<<"envy">>,
  {git,"https://github.com/manderson26/envy",
       {ref,"0148fb4b7ed0e188511578e98b42d6e7dde0ebd1"}},
  0},
 {<<"eper">>,
  {git,"https://github.com/massemanet/eper",
       {ref,"f23776f716aaa8e8746ea4195a11df3605d6a885"}},
  0},
 {<<"epgsql">>,
  {git,"git://github.com/chef/epgsql-1.git",
       {ref,"25d9e2f4441b63296c34da1811d8b79ed4baa444"}},
  1},
 {<<"erlzmq">>,
  {git,"https://github.com/chef/erlzmq2",
       {ref,"c175e70206560e8c8bf3958d1deda72441cdbb8b"}},
  0},
 {<<"folsom">>,
  {git,"https://github.com/chef/folsom",
       {ref,"de939f5a937e3ace126090a2f6cd837bd2f5bc26"}},
  0},
 {<<"folsom_graphite">>,
  {git,"https://github.com/chef/folsom_graphite",
       {ref,"4cd7ee89872e287d1a1c070408a16817ffc3f3c1"}},
  0},
 {<<"goldrush">>,
  {git,"https://github.com/basho/goldrush.git",
       {ref,"8f1b715d36b650ec1e1f5612c00e28af6ab0de82"}},
  1},
 {<<"gproc">>,
  {git,"https://github.com/esl/gproc",
       {ref,"1f12fbf6fd75cb4fa6e7b38f331fe3e1fdd2adf0"}},
  0},
 {<<"ibrowse">>,
  {git,"https://github.com/chef/ibrowse",
       {ref,"8f3f6a3a30730b193cc340a8885a960586dc98de"}},
  1},
 {<<"jiffy">>,
  {git,"https://github.com/davisp/jiffy",
       {ref,"e19df02c650e71ec16202e473427c7e4f1a70398"}},
  0},
 {<<"lager">>,
  {git,"https://github.com/basho/lager",
       {ref,"81eaef0ce98fdbf64ab95665e3bc2ec4b24c7dac"}},
  0},
 {<<"meck">>,
  {git,"https://github.com/eproxus/meck",
       {ref,"3544aca8b90344832bfefe65469408c1fd1174fd"}},
  0},
 {<<"mochiweb">>,{pkg,<<"mochiweb">>,<<"2.12.2">>},2},
 {<<"opscoderl_wm">>,
  {git,"https://github.com/chef/opscoderl_wm",
       {ref,"398065057df06ad55b998b910e2238d4b96123f3"}},
  0},
 {<<"pooler">>,
  {git,"git://github.com/seth/pooler.git",
       {ref,"b6c522a67a1d067122705ef725535a8664dd8514"}},
  1},
 {<<"pushy_common">>,
  {git,"https://github.com/chef/pushy_common",
       {ref,"d81cbb8026b6c209080e121c161e9d7128bb1b19"}},
  0},
 {<<"sqerl">>,
  {git,"https://github.com/chef/sqerl",
       {ref,"2d9792ccbbe86824d47468c119e7d99733ce4546"}},
  0},
 {<<"webmachine">>,
  {git,"git://github.com/webmachine/webmachine",
       {ref,"4edbea20f05dde54cd83e562ec29ae4cc5669f76"}},
  1}]}.
[
{pkg_hash,[
 {<<"mochiweb">>, <<"80804AD342AFA3D7F3524040D4EED66CE74B17A555DE454AC85B07C479928E46">>}]}
].
