[{<<"bear">>,
  {git,"git://github.com/opscode/bear.git",
       {ref,"1cd85dc9f87f3dc4ec4c7077659ddaa8a3660cac"}},
  1},
 {<<"chef_authn">>,
  {git,"https://github.com/chef/chef_authn",
       {ref,"defae88f9ea9f9875b1148947bbdf38c867c8ec7"}},
  0},
 {<<"ej">>,
  {git,"https://github.com/seth/ej",
       {ref,"132a9a3c0662a2377eaf7ebee694a496a0957160"}},
  0},
 {<<"envy">>,
  {git,"https://github.com/manderson26/envy",
       {ref,"0148fb4b7ed0e188511578e98b42d6e7dde0ebd1"}},
  0},
 {<<"eper">>,
  {git,"https://github.com/massemanet/eper",
       {ref,"79491844649ce33b6ee2285347b1a4ba605b1caf"}},
  0},
 {<<"epgsql">>,
  {git,"git://github.com/chef/epgsql-1.git",
       {ref,"89d4ff4b1c1edf8995432d1633fb5458eb156a46"}},
  1},
 {<<"erlzmq">>,
  {git,"https://github.com/chef/erlzmq2",
       {ref,"f6721b7739e2a40bc5230205632181bfdaeb07a3"}},
  0},
 {<<"folsom">>,
  {git,"https://github.com/chef/folsom",
       {ref,"de939f5a937e3ace126090a2f6cd837bd2f5bc26"}},
  0},
 {<<"folsom_graphite">>,
  {git,"https://github.com/chef/folsom_graphite",
       {ref,"663afd02c9f8ff31dd95d3e3150df71bd28bae93"}},
  0},
 {<<"goldrush">>,
  {git,"git://github.com/DeadZen/goldrush.git",
       {ref,"212299233c7e7eb63a97be2777e1c05ebaa58dbe"}},
  1},
 {<<"gproc">>,
  {git,"https://github.com/esl/gproc",
       {ref,"1f12fbf6fd75cb4fa6e7b38f331fe3e1fdd2adf0"}},
  0},
 {<<"ibrowse">>,
  {git,"https://github.com/chef/ibrowse",
       {ref,"8f3f6a3a30730b193cc340a8885a960586dc98de"}},
  1},
 {<<"jiffy">>,
  {git,"https://github.com/davisp/jiffy",
       {ref,"1febce3ca86c5ca5d5a3618ed3d5f125bb99e4c5"}},
  0},
 {<<"lager">>,
  {git,"https://github.com/basho/lager",
       {ref,"8187757388c9adc915379caaab36a2f2ca26e944"}},
  0},
 {<<"meck">>,
  {git,"https://github.com/eproxus/meck",
       {ref,"c772db17a7c94e75d20688197f61538d63fe2ae9"}},
  0},
 {<<"mochiweb">>,
  {git,"git://github.com/basho/mochiweb.git",
       {ref,"ade2a9b29a11034eb550c1d79b4f991bf5ca05ba"}},
  1},
 {<<"pooler">>,
  {git,"git://github.com/seth/pooler.git",
       {ref,"b6c522a67a1d067122705ef725535a8664dd8514"}},
  1},
 {<<"pushy_common">>,
  {git,"https://github.com/chef/pushy_common",
       {ref,"14b465a764308086264188d412166d8c64ea2921"}},
  0},
 {<<"sqerl">>,
  {git,"https://github.com/chef/sqerl",
       {ref,"7e40908af7010b70212320e3d410dff31edfc7f9"}},
  0},
 {<<"webmachine">>,
  {git,"https://github.com/basho/webmachine",
       {ref,"7677c240f4a7ed020f4bab48278224966bb42311"}},
  0}].
